
Microsoft Visual Studio Solution File, Format Version 12.00
# Visual Studio Version 16
VisualStudioVersion = 16.0.29123.88
MinimumVisualStudioVersion = 10.0.40219.1
Project("{FAE04EC0-301F-11D3-BF4B-00C04F79EFBC}") = "MongoDatabaseLibrary", "MongoDatabaseLibrary\MongoDatabaseLibrary.csproj", "{34CA4717-B5C8-4B55-A64F-D7FA074BFADF}"
EndProject
Global
	GlobalSection(SolutionConfigurationPlatforms) = preSolution
		Debug|Any CPU = Debug|Any CPU
		Release|Any CPU = Release|Any CPU
	EndGlobalSection
	GlobalSection(ProjectConfigurationPlatforms) = postSolution
		{34CA4717-B5C8-4B55-A64F-D7FA074BFADF}.Debug|Any CPU.ActiveCfg = Debug|Any CPU
		{34CA4717-B5C8-4B55-A64F-D7FA074BFADF}.Debug|Any CPU.Build.0 = Debug|Any CPU
		{34CA4717-B5C8-4B55-A64F-D7FA074BFADF}.Release|Any CPU.ActiveCfg = Release|Any CPU
		{34CA4717-B5C8-4B55-A64F-D7FA074BFADF}.Release|Any CPU.Build.0 = Release|Any CPU
	EndGlobalSection
	GlobalSection(SolutionProperties) = preSolution
		HideSolutionNode = FALSE
	EndGlobalSection
	GlobalSection(ExtensibilityGlobals) = postSolution
		SolutionGuid = {D3FB6271-FC0A-400B-97DB-66CBFDB22307}
	EndGlobalSection
EndGlobal
